# THIS IS AN AUTOGENERATED FILE. DO NOT EDIT THIS FILE DIRECTLY.
# yarn lockfile v1


"@datastructures-js/heap@^4.3.1":
  version "4.3.1"
  resolved "https://registry.yarnpkg.com/@datastructures-js/heap/-/heap-4.3.1.tgz#d3752b5664202b99b41815f6117e501d8f66c632"
  integrity sha512-au4fYa4fprREES58FnMOTFjg8lCYpSenF5tBu8C/iweMaj02rAOZUqlLUCqR3HIWzNfgTeCmAiyRHdjJVHrsIQ==

"@datastructures-js/priority-queue@^6.3.0":
  version "6.3.0"
  resolved "https://registry.yarnpkg.com/@datastructures-js/priority-queue/-/priority-queue-6.3.0.tgz#f28e89488fa8723c54a922af41e16f5f410a8116"
  integrity sha512-bJkryPys8zVYMCSjyBPYzJlw5V2kMeOYzGHRBXiGkwqTv8vZ/Ux5RO736T8Y6l3cH+ocbQV9UxlsFwA9qI4VhA==
  dependencies:
    "@datastructures-js/heap" "^4.3.1"
